
Microsoft Visual Studio Solution File, Format Version 12.00
# Visual Studio 15
VisualStudioVersion = 15.0.26430.13
MinimumVisualStudioVersion = 10.0.40219.1
Project("{9A19103F-16F7-4668-BE54-9A1E7A4F7556}") = "Lykke.Pay.Service.Wallets.Core", "src\Lykke.Pay.Service.Wallets.Core\Lykke.Pay.Service.Wallets.Core.csproj", "{C03B07DC-09E2-49E3-8FAE-B3313A9B72B0}"
EndProject
Project("{9A19103F-16F7-4668-BE54-9A1E7A4F7556}") = "Lykke.Pay.Service.Wallets.Services", "src\Lykke.Pay.Service.Wallets.Services\Lykke.Pay.Service.Wallets.Services.csproj", "{F3408D63-424D-4269-9D4F-ECA5191C2FF9}"
EndProject
Project("{9A19103F-16F7-4668-BE54-9A1E7A4F7556}") = "Lykke.Pay.Service.Wallets.Tests", "tests\Lykke.Pay.Service.Wallets.Tests\Lykke.Pay.Service.Wallets.Tests.csproj", "{20BDF5E2-CBB0-4A8F-B7A1-5F47B1418FD8}"
EndProject
Project("{2150E333-8FDC-42A3-9474-1A3956D46DE8}") = "1. Core", "1. Core", "{9ED8EFD0-B340-4111-9BA1-F79B205DB0D3}"
EndProject
Project("{2150E333-8FDC-42A3-9474-1A3956D46DE8}") = "2. Tests", "2. Tests", "{6F04271F-62A2-4C7F-82D9-EDBD1773C745}"
EndProject
Project("{2150E333-8FDC-42A3-9474-1A3956D46DE8}") = "3. Client", "3. Client", "{3420C66E-488B-49E5-95D4-992D9E1F7540}"
EndProject
Project("{9A19103F-16F7-4668-BE54-9A1E7A4F7556}") = "Lykke.Pay.Service.Wallets.Client", "client\Lykke.Pay.Service.Wallets.Client\Lykke.Pay.Service.Wallets.Client.csproj", "{747B8280-19C3-44F9-8B27-BB24CD1420A1}"
EndProject
Project("{2150E333-8FDC-42A3-9474-1A3956D46DE8}") = "Scripts", "Scripts", "{1F5202EC-8C70-44EF-9D83-DC19D1FB4F2F}"
	ProjectSection(SolutionItems) = preProject
		client\scripts\Bitcoin.Api.Client.ps1 = client\scripts\Bitcoin.Api.Client.ps1
		client\scripts\Lykke.Pay.Service.Wallets.Client.ps1 = client\scripts\Lykke.Pay.Service.Wallets.Client.ps1
	EndProjectSection
EndProject
Project("{9A19103F-16F7-4668-BE54-9A1E7A4F7556}") = "Lykke.Pay.Service.Wallets", "src\Lykke.Pay.Service.Wallets\Lykke.Pay.Service.Wallets.csproj", "{FCCCBAD1-C7CF-48C0-B700-F63C62C87255}"
EndProject
Project("{9A19103F-16F7-4668-BE54-9A1E7A4F7556}") = "Bitcoint.Api.Client", "client\Bitcoin.Api.Client\Bitcoint.Api.Client.csproj", "{7E870014-FE10-4A55-BD54-C6C3DBC886F1}"
EndProject
Project("{9A19103F-16F7-4668-BE54-9A1E7A4F7556}") = "Lykke.Signing.Api", "client\Lykke.Signing.Api\Lykke.Signing.Api.csproj", "{4145F664-1E1A-4552-8D79-9F9AFC62977B}"
EndProject
Global
	GlobalSection(SolutionConfigurationPlatforms) = preSolution
		Debug|Any CPU = Debug|Any CPU
		Release|Any CPU = Release|Any CPU
	EndGlobalSection
	GlobalSection(ProjectConfigurationPlatforms) = postSolution
		{C03B07DC-09E2-49E3-8FAE-B3313A9B72B0}.Debug|Any CPU.ActiveCfg = Debug|Any CPU
		{C03B07DC-09E2-49E3-8FAE-B3313A9B72B0}.Debug|Any CPU.Build.0 = Debug|Any CPU
		{C03B07DC-09E2-49E3-8FAE-B3313A9B72B0}.Release|Any CPU.ActiveCfg = Release|Any CPU
		{C03B07DC-09E2-49E3-8FAE-B3313A9B72B0}.Release|Any CPU.Build.0 = Release|Any CPU
		{F3408D63-424D-4269-9D4F-ECA5191C2FF9}.Debug|Any CPU.ActiveCfg = Debug|Any CPU
		{F3408D63-424D-4269-9D4F-ECA5191C2FF9}.Debug|Any CPU.Build.0 = Debug|Any CPU
		{F3408D63-424D-4269-9D4F-ECA5191C2FF9}.Release|Any CPU.ActiveCfg = Release|Any CPU
		{F3408D63-424D-4269-9D4F-ECA5191C2FF9}.Release|Any CPU.Build.0 = Release|Any CPU
		{20BDF5E2-CBB0-4A8F-B7A1-5F47B1418FD8}.Debug|Any CPU.ActiveCfg = Debug|Any CPU
		{20BDF5E2-CBB0-4A8F-B7A1-5F47B1418FD8}.Debug|Any CPU.Build.0 = Debug|Any CPU
		{20BDF5E2-CBB0-4A8F-B7A1-5F47B1418FD8}.Release|Any CPU.ActiveCfg = Release|Any CPU
		{20BDF5E2-CBB0-4A8F-B7A1-5F47B1418FD8}.Release|Any CPU.Build.0 = Release|Any CPU
		{747B8280-19C3-44F9-8B27-BB24CD1420A1}.Debug|Any CPU.ActiveCfg = Debug|Any CPU
		{747B8280-19C3-44F9-8B27-BB24CD1420A1}.Debug|Any CPU.Build.0 = Debug|Any CPU
		{747B8280-19C3-44F9-8B27-BB24CD1420A1}.Release|Any CPU.ActiveCfg = Release|Any CPU
		{747B8280-19C3-44F9-8B27-BB24CD1420A1}.Release|Any CPU.Build.0 = Release|Any CPU
		{FCCCBAD1-C7CF-48C0-B700-F63C62C87255}.Debug|Any CPU.ActiveCfg = Debug|Any CPU
		{FCCCBAD1-C7CF-48C0-B700-F63C62C87255}.Debug|Any CPU.Build.0 = Debug|Any CPU
		{FCCCBAD1-C7CF-48C0-B700-F63C62C87255}.Release|Any CPU.ActiveCfg = Release|Any CPU
		{FCCCBAD1-C7CF-48C0-B700-F63C62C87255}.Release|Any CPU.Build.0 = Release|Any CPU
		{7E870014-FE10-4A55-BD54-C6C3DBC886F1}.Debug|Any CPU.ActiveCfg = Debug|Any CPU
		{7E870014-FE10-4A55-BD54-C6C3DBC886F1}.Debug|Any CPU.Build.0 = Debug|Any CPU
		{7E870014-FE10-4A55-BD54-C6C3DBC886F1}.Release|Any CPU.ActiveCfg = Release|Any CPU
		{7E870014-FE10-4A55-BD54-C6C3DBC886F1}.Release|Any CPU.Build.0 = Release|Any CPU
		{4145F664-1E1A-4552-8D79-9F9AFC62977B}.Debug|Any CPU.ActiveCfg = Debug|Any CPU
		{4145F664-1E1A-4552-8D79-9F9AFC62977B}.Debug|Any CPU.Build.0 = Debug|Any CPU
		{4145F664-1E1A-4552-8D79-9F9AFC62977B}.Release|Any CPU.ActiveCfg = Release|Any CPU
		{4145F664-1E1A-4552-8D79-9F9AFC62977B}.Release|Any CPU.Build.0 = Release|Any CPU
	EndGlobalSection
	GlobalSection(SolutionProperties) = preSolution
		HideSolutionNode = FALSE
	EndGlobalSection
	GlobalSection(NestedProjects) = preSolution
		{C03B07DC-09E2-49E3-8FAE-B3313A9B72B0} = {9ED8EFD0-B340-4111-9BA1-F79B205DB0D3}
		{F3408D63-424D-4269-9D4F-ECA5191C2FF9} = {9ED8EFD0-B340-4111-9BA1-F79B205DB0D3}
		{20BDF5E2-CBB0-4A8F-B7A1-5F47B1418FD8} = {6F04271F-62A2-4C7F-82D9-EDBD1773C745}
		{747B8280-19C3-44F9-8B27-BB24CD1420A1} = {3420C66E-488B-49E5-95D4-992D9E1F7540}
		{1F5202EC-8C70-44EF-9D83-DC19D1FB4F2F} = {3420C66E-488B-49E5-95D4-992D9E1F7540}
		{7E870014-FE10-4A55-BD54-C6C3DBC886F1} = {3420C66E-488B-49E5-95D4-992D9E1F7540}
		{4145F664-1E1A-4552-8D79-9F9AFC62977B} = {3420C66E-488B-49E5-95D4-992D9E1F7540}
	EndGlobalSection
EndGlobal
